{
  "name": "wwwroot",
  "version": "1.0.0",
  "lockfileVersion": 1,
  "requires": true,
  "dependencies": {
    "identityserver4.microservice.ui": {
      "version": "1.0.15",
      "resolved": "https://registry.npmjs.org/identityserver4.microservice.ui/-/identityserver4.microservice.ui-1.0.15.tgz",
      "integrity": "sha512-CAHVasUJAaIii/U1Jv+JL1EKuiKS8n/+A7bGCxwmJga6IJVkZ/AqWQBHpAglFVUl/lIo8j2v+10rr2Q3+fxrbA=="
    }
  }
}
