{
  "name": "wwwroot",
  "version": "1.0.0",
  "lockfileVersion": 1,
  "requires": true,
  "dependencies": {
    "identityserver4.microservice.ui": {
      "version": "1.0.16",
      "resolved": "https://registry.npmjs.org/identityserver4.microservice.ui/-/identityserver4.microservice.ui-1.0.16.tgz",
      "integrity": "sha512-fHilEeYcg99Pujr/ri5hne55AEe0yDUblPgSE7mFmXFWYZ2dReO+DzxqDHPw0q0ofoqGnLhPwz4Y2O+cLxKAkQ=="
    }
  }
}
