{
  "name": "wwwroot",
  "version": "1.0.0",
  "lockfileVersion": 1,
  "requires": true,
  "dependencies": {
    "identityserver4.microservice.start": {
      "version": "1.0.0",
      "resolved": "https://registry.npmjs.org/identityserver4.microservice.start/-/identityserver4.microservice.start-1.0.0.tgz",
      "integrity": "sha512-clNwLEbRMeCAliPsOMTj5FIsWGdBogZtyPv5kevhdQYAUQeAinRmCbVZQjN333RaSx67WVIMTY0a0f3DzQgaWg=="
    },
    "identityserver4.microservice.ui": {
      "version": "1.0.23",
      "resolved": "https://registry.npmjs.org/identityserver4.microservice.ui/-/identityserver4.microservice.ui-1.0.23.tgz",
      "integrity": "sha512-TGbrBE415OnVU8fNGQBPskg4tRk5Id6KS0gham+4wlnTSFcEJT0m3oorU8g8mkTsspP5WlEGMWlNFCZt0OunKA=="
    },
    "jquery": {
      "version": "3.3.1",
      "resolved": "https://registry.npmjs.org/jquery/-/jquery-3.3.1.tgz",
      "integrity": "sha512-Ubldcmxp5np52/ENotGxlLe6aGMvmF4R8S6tZjsP6Knsaxd/xp3Zrh50cG93lR6nPXyUFwzN3ZSOQI0wRJNdGg=="
    }
  }
}
